# THIS IS AN AUTOGENERATED FILE. DO NOT EDIT THIS FILE DIRECTLY.
# yarn lockfile v1


"@babel/runtime@^7.14.5":
  version "7.21.0"
  resolved "https://registry.yarnpkg.com/@babel/runtime/-/runtime-7.21.0.tgz#5b55c9d394e5fcf304909a8b00c07dc217b56673"
  integrity sha512-xwII0//EObnq89Ji5AKYQaRYiW/nZ3llSv29d49IuxPhKbtJoLP+9QUUZ4nVragQVtaVGeZrpB+ZtG/Pdy/POw==
  dependencies:
    regenerator-runtime "^0.13.11"

"@tarojs/api@3.6.5":
  version "3.6.5"
  resolved "https://registry.yarnpkg.com/@tarojs/api/-/api-3.6.5.tgz#20a22b72bed5b0b5791f3b39bc7161ef414109b5"
  integrity sha512-XLHl3oaJWzXVIC7IMNGS2ZA/G1hI4RNN4HpS4/2HuyjWiT/Q2B3YLq1f7BNNlgd89faxhtNDjbfTwqtBHwoCcQ==
  dependencies:
    "@babel/runtime" "^7.14.5"
    "@tarojs/runtime" "3.6.5"
    "@tarojs/shared" "3.6.5"

"@tarojs/runtime@3.6.5":
  version "3.6.5"
  resolved "https://registry.yarnpkg.com/@tarojs/runtime/-/runtime-3.6.5.tgz#64190b4e1d0c0a002f5e9a89be0f1338ee808340"
  integrity sha512-8NpnwDOITjLig6BWFAuFabA4Jokq94UXz1IaHnwscenmfsTTnMw3eyrDXIOLYlf/5nM0VAUIKWQdzcpu4eUwUA==
  dependencies:
    "@tarojs/shared" "3.6.5"
    lodash-es "4.17.21"

"@tarojs/shared@3.6.5":
  version "3.6.5"
  resolved "https://registry.yarnpkg.com/@tarojs/shared/-/shared-3.6.5.tgz#3498adc9f003056aeb6b3527e0ce6a92d9173a36"
  integrity sha512-8Ed4L/nqDMNzih8VYLn0XTgDuGPC+wo0moFAdJHa+51WutBrbbc4R5/OhZo5w38liiAxVLAnd85AuFIYOzgJvQ==

"@tarojs/taro@^3.6.5":
  version "3.6.5"
  resolved "https://registry.yarnpkg.com/@tarojs/taro/-/taro-3.6.5.tgz#251e57b1625f349bd9ea525366fdcadd5e9bc34f"
  integrity sha512-z0aGWV0tlTArGmaA4FXPOvfRX1CuuEb0CO2N4R4N8qp842p7E3OWGvXNNwNMK+2KvjOYtW2oG+uUlDekOP+0IQ==
  dependencies:
    "@tarojs/api" "3.6.5"
    "@tarojs/runtime" "3.6.5"

lodash-es@4.17.21:
  version "4.17.21"
  resolved "https://registry.yarnpkg.com/lodash-es/-/lodash-es-4.17.21.tgz#43e626c46e6591b7750beb2b50117390c609e3ee"
  integrity sha512-mKnC+QJ9pWVzv+C4/U3rRsHapFfHvQFoFB92e52xeyGMcX6/OlIl78je1u8vePzYZSkkogMPJ2yjxxsb89cxyw==

regenerator-runtime@^0.13.11:
  version "0.13.11"
  resolved "https://registry.yarnpkg.com/regenerator-runtime/-/regenerator-runtime-0.13.11.tgz#f6dca3e7ceec20590d07ada785636a90cdca17f9"
  integrity sha512-kY1AZVr2Ra+t+piVaJ4gxaFaReZVH40AKNo7UCX6W+dEwBo/2oZJzqfuN1qLq1oL45o56cPaTXELwrTh8Fpggg==
